
Microsoft Visual Studio Solution File, Format Version 12.00
# Visual Studio 15
VisualStudioVersion = 15.0.28307.572
MinimumVisualStudioVersion = 10.0.40219.1
Project("{FAE04EC0-301F-11D3-BF4B-00C04F79EFBC}") = "NorthWindProdCat.Android", "NorthWindProdCat\NorthWindProdCat.Android\NorthWindProdCat.Android.csproj", "{48CE0CC3-49D3-453D-A97D-CD6F650A9CB2}"
EndProject
Project("{FAE04EC0-301F-11D3-BF4B-00C04F79EFBC}") = "NorthWindProdCat", "NorthWindProdCat\NorthWindProdCat\NorthWindProdCat.csproj", "{7D2D0FB1-FADE-4EB7-87E6-52BCFADCE7CF}"
EndProject
Global
	GlobalSection(SolutionConfigurationPlatforms) = preSolution
		Debug|Any CPU = Debug|Any CPU
		Release|Any CPU = Release|Any CPU
	EndGlobalSection
	GlobalSection(ProjectConfigurationPlatforms) = postSolution
		{48CE0CC3-49D3-453D-A97D-CD6F650A9CB2}.Debug|Any CPU.ActiveCfg = Debug|Any CPU
		{48CE0CC3-49D3-453D-A97D-CD6F650A9CB2}.Debug|Any CPU.Build.0 = Debug|Any CPU
		{48CE0CC3-49D3-453D-A97D-CD6F650A9CB2}.Debug|Any CPU.Deploy.0 = Debug|Any CPU
		{48CE0CC3-49D3-453D-A97D-CD6F650A9CB2}.Release|Any CPU.ActiveCfg = Release|Any CPU
		{48CE0CC3-49D3-453D-A97D-CD6F650A9CB2}.Release|Any CPU.Build.0 = Release|Any CPU
		{48CE0CC3-49D3-453D-A97D-CD6F650A9CB2}.Release|Any CPU.Deploy.0 = Release|Any CPU
		{7D2D0FB1-FADE-4EB7-87E6-52BCFADCE7CF}.Debug|Any CPU.ActiveCfg = Debug|Any CPU
		{7D2D0FB1-FADE-4EB7-87E6-52BCFADCE7CF}.Debug|Any CPU.Build.0 = Debug|Any CPU
		{7D2D0FB1-FADE-4EB7-87E6-52BCFADCE7CF}.Debug|Any CPU.Deploy.0 = Debug|Any CPU
		{7D2D0FB1-FADE-4EB7-87E6-52BCFADCE7CF}.Release|Any CPU.ActiveCfg = Release|Any CPU
		{7D2D0FB1-FADE-4EB7-87E6-52BCFADCE7CF}.Release|Any CPU.Build.0 = Release|Any CPU
		{7D2D0FB1-FADE-4EB7-87E6-52BCFADCE7CF}.Release|Any CPU.Deploy.0 = Release|Any CPU
	EndGlobalSection
	GlobalSection(SolutionProperties) = preSolution
		HideSolutionNode = FALSE
	EndGlobalSection
	GlobalSection(ExtensibilityGlobals) = postSolution
		SolutionGuid = {CB3E3A8A-87ED-4DD7-842B-351EDBEE8058}
	EndGlobalSection
EndGlobal
